
Microsoft Visual Studio Solution File, Format Version 12.00
# Visual Studio Version 17
VisualStudioVersion = 17.2.32616.157
MinimumVisualStudioVersion = 10.0.40219.1
Project("{9A19103F-16F7-4668-BE54-9A1E7A4F7556}") = "NetConfig.Library", "NetConfig.Library\NetConfig.Library.csproj", "{FF39AD58-4454-41C5-BD62-247EFF61643E}"
EndProject
Project("{9A19103F-16F7-4668-BE54-9A1E7A4F7556}") = "NetConfig.Cli", "NetConfig.Cli\NetConfig.Cli.csproj", "{67A35F53-FB60-4BA0-A174-70CC4A030547}"
EndProject
Project("{9A19103F-16F7-4668-BE54-9A1E7A4F7556}") = "NetConfig.Tests", "NetConfig.Tests\NetConfig.Tests.csproj", "{3F78BE09-4DB7-40BE-A329-FD9867CF6F07}"
EndProject
Global
	GlobalSection(SolutionConfigurationPlatforms) = preSolution
		Debug|Any CPU = Debug|Any CPU
		Release|Any CPU = Release|Any CPU
	EndGlobalSection
	GlobalSection(ProjectConfigurationPlatforms) = postSolution
		{FF39AD58-4454-41C5-BD62-247EFF61643E}.Debug|Any CPU.ActiveCfg = Debug|Any CPU
		{FF39AD58-4454-41C5-BD62-247EFF61643E}.Debug|Any CPU.Build.0 = Debug|Any CPU
		{FF39AD58-4454-41C5-BD62-247EFF61643E}.Release|Any CPU.ActiveCfg = Release|Any CPU
		{FF39AD58-4454-41C5-BD62-247EFF61643E}.Release|Any CPU.Build.0 = Release|Any CPU
		{67A35F53-FB60-4BA0-A174-70CC4A030547}.Debug|Any CPU.ActiveCfg = Debug|Any CPU
		{67A35F53-FB60-4BA0-A174-70CC4A030547}.Debug|Any CPU.Build.0 = Debug|Any CPU
		{67A35F53-FB60-4BA0-A174-70CC4A030547}.Release|Any CPU.ActiveCfg = Release|Any CPU
		{67A35F53-FB60-4BA0-A174-70CC4A030547}.Release|Any CPU.Build.0 = Release|Any CPU
		{3F78BE09-4DB7-40BE-A329-FD9867CF6F07}.Debug|Any CPU.ActiveCfg = Debug|Any CPU
		{3F78BE09-4DB7-40BE-A329-FD9867CF6F07}.Debug|Any CPU.Build.0 = Debug|Any CPU
		{3F78BE09-4DB7-40BE-A329-FD9867CF6F07}.Release|Any CPU.ActiveCfg = Release|Any CPU
		{3F78BE09-4DB7-40BE-A329-FD9867CF6F07}.Release|Any CPU.Build.0 = Release|Any CPU
	EndGlobalSection
	GlobalSection(SolutionProperties) = preSolution
		HideSolutionNode = FALSE
	EndGlobalSection
	GlobalSection(ExtensibilityGlobals) = postSolution
		SolutionGuid = {0311FD97-DA87-4F2E-B9F8-5727450C20D5}
	EndGlobalSection
EndGlobal
